
Microsoft Visual Studio Solution File, Format Version 12.00
# Visual Studio Version 17
VisualStudioVersion = 17.8.34316.72
MinimumVisualStudioVersion = 10.0.40219.1
Project("{FAE04EC0-301F-11D3-BF4B-00C04F79EFBC}") = "EIDWebAPI", "EIDWebAPI\EIDWebAPI.csproj", "{A012D36A-747F-4D7D-89FA-7F5773EF44E6}"
EndProject
Project("{FAE04EC0-301F-11D3-BF4B-00C04F79EFBC}") = "CallbackAPI", "CallbackAPI\CallbackAPI.csproj", "{AEF4A36A-0138-4C9A-9085-60B0B6E99409}"
EndProject
Project("{FAE04EC0-301F-11D3-BF4B-00C04F79EFBC}") = "EIDServiceWithSignalR", "EIDServiceWithSignalR\EIDServiceWithSignalR.csproj", "{FAD353C9-D967-4718-837A-0714A8974CD5}"
EndProject
Project("{FAE04EC0-301F-11D3-BF4B-00C04F79EFBC}") = "EIDServiceWithSignalRClient", "EIDServiceWithSignalRClient\EIDServiceWithSignalRClient.csproj", "{58938471-5832-4948-9182-C2E15AB8984B}"
EndProject
Global
	GlobalSection(SolutionConfigurationPlatforms) = preSolution
		Debug|Any CPU = Debug|Any CPU
		Release|Any CPU = Release|Any CPU
	EndGlobalSection
	GlobalSection(ProjectConfigurationPlatforms) = postSolution
		{A012D36A-747F-4D7D-89FA-7F5773EF44E6}.Debug|Any CPU.ActiveCfg = Debug|Any CPU
		{A012D36A-747F-4D7D-89FA-7F5773EF44E6}.Debug|Any CPU.Build.0 = Debug|Any CPU
		{A012D36A-747F-4D7D-89FA-7F5773EF44E6}.Release|Any CPU.ActiveCfg = Release|Any CPU
		{A012D36A-747F-4D7D-89FA-7F5773EF44E6}.Release|Any CPU.Build.0 = Release|Any CPU
		{AEF4A36A-0138-4C9A-9085-60B0B6E99409}.Debug|Any CPU.ActiveCfg = Debug|Any CPU
		{AEF4A36A-0138-4C9A-9085-60B0B6E99409}.Debug|Any CPU.Build.0 = Debug|Any CPU
		{AEF4A36A-0138-4C9A-9085-60B0B6E99409}.Release|Any CPU.ActiveCfg = Release|Any CPU
		{AEF4A36A-0138-4C9A-9085-60B0B6E99409}.Release|Any CPU.Build.0 = Release|Any CPU
		{FAD353C9-D967-4718-837A-0714A8974CD5}.Debug|Any CPU.ActiveCfg = Debug|Any CPU
		{FAD353C9-D967-4718-837A-0714A8974CD5}.Debug|Any CPU.Build.0 = Debug|Any CPU
		{FAD353C9-D967-4718-837A-0714A8974CD5}.Release|Any CPU.ActiveCfg = Release|Any CPU
		{FAD353C9-D967-4718-837A-0714A8974CD5}.Release|Any CPU.Build.0 = Release|Any CPU
		{58938471-5832-4948-9182-C2E15AB8984B}.Debug|Any CPU.ActiveCfg = Debug|Any CPU
		{58938471-5832-4948-9182-C2E15AB8984B}.Debug|Any CPU.Build.0 = Debug|Any CPU
		{58938471-5832-4948-9182-C2E15AB8984B}.Release|Any CPU.ActiveCfg = Release|Any CPU
		{58938471-5832-4948-9182-C2E15AB8984B}.Release|Any CPU.Build.0 = Release|Any CPU
	EndGlobalSection
	GlobalSection(SolutionProperties) = preSolution
		HideSolutionNode = FALSE
	EndGlobalSection
	GlobalSection(ExtensibilityGlobals) = postSolution
		SolutionGuid = {D3A2BE50-030C-4E3A-9880-22F7568D5F28}
	EndGlobalSection
EndGlobal
